
Microsoft Visual Studio Solution File, Format Version 12.00
# Visual Studio Version 17
VisualStudioVersion = 17.1.32228.430
MinimumVisualStudioVersion = 10.0.40219.1
Project("{FAE04EC0-301F-11D3-BF4B-00C04F79EFBC}") = "LinklistUC1", "LinklistUC1\LinklistUC1.csproj", "{2592D642-285B-4F24-8F20-08579451C687}"
EndProject
Global
	GlobalSection(SolutionConfigurationPlatforms) = preSolution
		Debug|Any CPU = Debug|Any CPU
		Release|Any CPU = Release|Any CPU
	EndGlobalSection
	GlobalSection(ProjectConfigurationPlatforms) = postSolution
		{2592D642-285B-4F24-8F20-08579451C687}.Debug|Any CPU.ActiveCfg = Debug|Any CPU
		{2592D642-285B-4F24-8F20-08579451C687}.Debug|Any CPU.Build.0 = Debug|Any CPU
		{2592D642-285B-4F24-8F20-08579451C687}.Release|Any CPU.ActiveCfg = Release|Any CPU
		{2592D642-285B-4F24-8F20-08579451C687}.Release|Any CPU.Build.0 = Release|Any CPU
	EndGlobalSection
	GlobalSection(SolutionProperties) = preSolution
		HideSolutionNode = FALSE
	EndGlobalSection
	GlobalSection(ExtensibilityGlobals) = postSolution
		SolutionGuid = {C1DD5725-9F31-4ACB-8A92-FA7460492A9D}
	EndGlobalSection
EndGlobal
